
Microsoft Visual Studio Solution File, Format Version 12.00
# Visual Studio Version 17
VisualStudioVersion = 17.8.34330.188
MinimumVisualStudioVersion = 10.0.40219.1
Project("{FAE04EC0-301F-11D3-BF4B-00C04F79EFBC}") = "BlazorApp", "BlazorApp.csproj", "{7F318F86-1F04-4DFE-A6B1-E2D129DC2189}"
EndProject
Global
	GlobalSection(SolutionConfigurationPlatforms) = preSolution
		Debug|Any CPU = Debug|Any CPU
		Release|Any CPU = Release|Any CPU
	EndGlobalSection
	GlobalSection(ProjectConfigurationPlatforms) = postSolution
		{7F318F86-1F04-4DFE-A6B1-E2D129DC2189}.Debug|Any CPU.ActiveCfg = Debug|Any CPU
		{7F318F86-1F04-4DFE-A6B1-E2D129DC2189}.Debug|Any CPU.Build.0 = Debug|Any CPU
		{7F318F86-1F04-4DFE-A6B1-E2D129DC2189}.Release|Any CPU.ActiveCfg = Release|Any CPU
		{7F318F86-1F04-4DFE-A6B1-E2D129DC2189}.Release|Any CPU.Build.0 = Release|Any CPU
	EndGlobalSection
	GlobalSection(SolutionProperties) = preSolution
		HideSolutionNode = FALSE
	EndGlobalSection
	GlobalSection(ExtensibilityGlobals) = postSolution
		SolutionGuid = {3C7C653C-119F-4F99-998E-6E6B54A9CB65}
	EndGlobalSection
EndGlobal
